
Microsoft Visual Studio Solution File, Format Version 12.00
# Visual Studio Version 17
VisualStudioVersion = 17.7.34009.444
MinimumVisualStudioVersion = 10.0.40219.1
Project("{FAE04EC0-301F-11D3-BF4B-00C04F79EFBC}") = "PF1_Ej1", "PF1_Ej1\PF1_Ej1.csproj", "{7ED664E9-439E-4BB1-944E-F80FBB7B58B8}"
EndProject
Global
	GlobalSection(SolutionConfigurationPlatforms) = preSolution
		Debug|Any CPU = Debug|Any CPU
		Release|Any CPU = Release|Any CPU
	EndGlobalSection
	GlobalSection(ProjectConfigurationPlatforms) = postSolution
		{7ED664E9-439E-4BB1-944E-F80FBB7B58B8}.Debug|Any CPU.ActiveCfg = Debug|Any CPU
		{7ED664E9-439E-4BB1-944E-F80FBB7B58B8}.Debug|Any CPU.Build.0 = Debug|Any CPU
		{7ED664E9-439E-4BB1-944E-F80FBB7B58B8}.Release|Any CPU.ActiveCfg = Release|Any CPU
		{7ED664E9-439E-4BB1-944E-F80FBB7B58B8}.Release|Any CPU.Build.0 = Release|Any CPU
	EndGlobalSection
	GlobalSection(SolutionProperties) = preSolution
		HideSolutionNode = FALSE
	EndGlobalSection
	GlobalSection(ExtensibilityGlobals) = postSolution
		SolutionGuid = {880691A2-AEB0-4474-81C1-3863FB69113F}
	EndGlobalSection
EndGlobal
