
Microsoft Visual Studio Solution File, Format Version 12.00
# Visual Studio Version 17
VisualStudioVersion = 17.7.34009.444
MinimumVisualStudioVersion = 10.0.40219.1
Project("{FAE04EC0-301F-11D3-BF4B-00C04F79EFBC}") = "PF1_Ej6", "PF1_Ej6\PF1_Ej6.csproj", "{16755EF0-C939-4E87-BCF9-27B28D33F378}"
EndProject
Global
	GlobalSection(SolutionConfigurationPlatforms) = preSolution
		Debug|Any CPU = Debug|Any CPU
		Release|Any CPU = Release|Any CPU
	EndGlobalSection
	GlobalSection(ProjectConfigurationPlatforms) = postSolution
		{16755EF0-C939-4E87-BCF9-27B28D33F378}.Debug|Any CPU.ActiveCfg = Debug|Any CPU
		{16755EF0-C939-4E87-BCF9-27B28D33F378}.Debug|Any CPU.Build.0 = Debug|Any CPU
		{16755EF0-C939-4E87-BCF9-27B28D33F378}.Release|Any CPU.ActiveCfg = Release|Any CPU
		{16755EF0-C939-4E87-BCF9-27B28D33F378}.Release|Any CPU.Build.0 = Release|Any CPU
	EndGlobalSection
	GlobalSection(SolutionProperties) = preSolution
		HideSolutionNode = FALSE
	EndGlobalSection
	GlobalSection(ExtensibilityGlobals) = postSolution
		SolutionGuid = {7A8AF863-DE29-40EF-A75C-DE8884EEB213}
	EndGlobalSection
EndGlobal
