
Microsoft Visual Studio Solution File, Format Version 12.00
# Visual Studio Version 17
VisualStudioVersion = 17.7.34009.444
MinimumVisualStudioVersion = 10.0.40219.1
Project("{FAE04EC0-301F-11D3-BF4B-00C04F79EFBC}") = "PF1_EJ5", "PF1_EJ5\PF1_EJ5.csproj", "{7C895E22-66C9-4B9B-8A60-CAB6ACBA23CA}"
EndProject
Global
	GlobalSection(SolutionConfigurationPlatforms) = preSolution
		Debug|Any CPU = Debug|Any CPU
		Release|Any CPU = Release|Any CPU
	EndGlobalSection
	GlobalSection(ProjectConfigurationPlatforms) = postSolution
		{7C895E22-66C9-4B9B-8A60-CAB6ACBA23CA}.Debug|Any CPU.ActiveCfg = Debug|Any CPU
		{7C895E22-66C9-4B9B-8A60-CAB6ACBA23CA}.Debug|Any CPU.Build.0 = Debug|Any CPU
		{7C895E22-66C9-4B9B-8A60-CAB6ACBA23CA}.Release|Any CPU.ActiveCfg = Release|Any CPU
		{7C895E22-66C9-4B9B-8A60-CAB6ACBA23CA}.Release|Any CPU.Build.0 = Release|Any CPU
	EndGlobalSection
	GlobalSection(SolutionProperties) = preSolution
		HideSolutionNode = FALSE
	EndGlobalSection
	GlobalSection(ExtensibilityGlobals) = postSolution
		SolutionGuid = {62BBF2F1-BFA6-4E14-ACA9-9419FD7D89F2}
	EndGlobalSection
EndGlobal
