
Microsoft Visual Studio Solution File, Format Version 12.00
# Visual Studio Version 17
VisualStudioVersion = 17.7.34009.444
MinimumVisualStudioVersion = 10.0.40219.1
Project("{FAE04EC0-301F-11D3-BF4B-00C04F79EFBC}") = "A2_S4_Ej2", "A2_S4_Ej2\A2_S4_Ej2.csproj", "{E9AA3808-0F9A-492E-ABE0-B49916B4DF5E}"
EndProject
Global
	GlobalSection(SolutionConfigurationPlatforms) = preSolution
		Debug|Any CPU = Debug|Any CPU
		Release|Any CPU = Release|Any CPU
	EndGlobalSection
	GlobalSection(ProjectConfigurationPlatforms) = postSolution
		{E9AA3808-0F9A-492E-ABE0-B49916B4DF5E}.Debug|Any CPU.ActiveCfg = Debug|Any CPU
		{E9AA3808-0F9A-492E-ABE0-B49916B4DF5E}.Debug|Any CPU.Build.0 = Debug|Any CPU
		{E9AA3808-0F9A-492E-ABE0-B49916B4DF5E}.Release|Any CPU.ActiveCfg = Release|Any CPU
		{E9AA3808-0F9A-492E-ABE0-B49916B4DF5E}.Release|Any CPU.Build.0 = Release|Any CPU
	EndGlobalSection
	GlobalSection(SolutionProperties) = preSolution
		HideSolutionNode = FALSE
	EndGlobalSection
	GlobalSection(ExtensibilityGlobals) = postSolution
		SolutionGuid = {AD344504-27C3-46D3-878D-D2D53F9E4EED}
	EndGlobalSection
EndGlobal
